
Microsoft Visual Studio Solution File, Format Version 12.00
# Visual Studio Version 16
VisualStudioVersion = 16.0.30717.126
MinimumVisualStudioVersion = 10.0.40219.1
Project("{FAE04EC0-301F-11D3-BF4B-00C04F79EFBC}") = "EverGardenNew", "EverGardenNew\EverGardenNew.csproj", "{8ED34165-AA83-4042-B138-1D45619224B3}"
EndProject
Global
	GlobalSection(SolutionConfigurationPlatforms) = preSolution
		Debug|Any CPU = Debug|Any CPU
		Release|Any CPU = Release|Any CPU
	EndGlobalSection
	GlobalSection(ProjectConfigurationPlatforms) = postSolution
		{8ED34165-AA83-4042-B138-1D45619224B3}.Debug|Any CPU.ActiveCfg = Debug|Any CPU
		{8ED34165-AA83-4042-B138-1D45619224B3}.Debug|Any CPU.Build.0 = Debug|Any CPU
		{8ED34165-AA83-4042-B138-1D45619224B3}.Release|Any CPU.ActiveCfg = Release|Any CPU
		{8ED34165-AA83-4042-B138-1D45619224B3}.Release|Any CPU.Build.0 = Release|Any CPU
	EndGlobalSection
	GlobalSection(SolutionProperties) = preSolution
		HideSolutionNode = FALSE
	EndGlobalSection
	GlobalSection(ExtensibilityGlobals) = postSolution
		SolutionGuid = {40260765-E465-4537-93AD-77FE17394557}
	EndGlobalSection
EndGlobal
